{
  "name": "ts-jest-config",
  "version": "1.0.0",
  "lockfileVersion": 1,
  "requires": true,
  "dependencies": {
    "veapache-npm-ts-package": {
      "version": "1.0.2",
      "resolved": "https://registry.npmjs.org/veapache-npm-ts-package/-/veapache-npm-ts-package-1.0.2.tgz",
      "integrity": "sha512-3W+cOYdfp9GKh6PrgJQx21dWPphQr9Ywky+yG18chbVqNlO49os9HVFiISKwlEaTbPSzFAyz2VqwgeIWHlZYmg=="
    }
  }
}
